
Microsoft Visual Studio Solution File, Format Version 12.00
# Visual Studio Version 16
VisualStudioVersion = 16.0.33801.447
MinimumVisualStudioVersion = 10.0.40219.1
Project("{9A19103F-16F7-4668-BE54-9A1E7A4F7556}") = "WebAPI", "WebAPI\WebAPI.csproj", "{D1B3F6AC-9632-4985-A3FC-00B1114402F0}"
EndProject
Project("{9A19103F-16F7-4668-BE54-9A1E7A4F7556}") = "EntityLayer", "EntityLayer\EntityLayer.csproj", "{E4024FA1-61E7-4E3B-8D7B-43EB0E1600E5}"
EndProject
Project("{9A19103F-16F7-4668-BE54-9A1E7A4F7556}") = "BusinessLayer", "BusinessLayer\BusinessLayer.csproj", "{07BBF6FF-657F-4838-8A25-C38FFA774D33}"
EndProject
Project("{9A19103F-16F7-4668-BE54-9A1E7A4F7556}") = "DataAccessLayer", "DataAccessLayer\DataAccessLayer.csproj", "{10AAA89E-612C-4BA3-A3C7-A2E3F0E7B268}"
EndProject
Global
	GlobalSection(SolutionConfigurationPlatforms) = preSolution
		Debug|Any CPU = Debug|Any CPU
		Release|Any CPU = Release|Any CPU
	EndGlobalSection
	GlobalSection(ProjectConfigurationPlatforms) = postSolution
		{D1B3F6AC-9632-4985-A3FC-00B1114402F0}.Debug|Any CPU.ActiveCfg = Debug|Any CPU
		{D1B3F6AC-9632-4985-A3FC-00B1114402F0}.Debug|Any CPU.Build.0 = Debug|Any CPU
		{D1B3F6AC-9632-4985-A3FC-00B1114402F0}.Release|Any CPU.ActiveCfg = Release|Any CPU
		{D1B3F6AC-9632-4985-A3FC-00B1114402F0}.Release|Any CPU.Build.0 = Release|Any CPU
		{E4024FA1-61E7-4E3B-8D7B-43EB0E1600E5}.Debug|Any CPU.ActiveCfg = Debug|Any CPU
		{E4024FA1-61E7-4E3B-8D7B-43EB0E1600E5}.Debug|Any CPU.Build.0 = Debug|Any CPU
		{E4024FA1-61E7-4E3B-8D7B-43EB0E1600E5}.Release|Any CPU.ActiveCfg = Release|Any CPU
		{E4024FA1-61E7-4E3B-8D7B-43EB0E1600E5}.Release|Any CPU.Build.0 = Release|Any CPU
		{07BBF6FF-657F-4838-8A25-C38FFA774D33}.Debug|Any CPU.ActiveCfg = Debug|Any CPU
		{07BBF6FF-657F-4838-8A25-C38FFA774D33}.Debug|Any CPU.Build.0 = Debug|Any CPU
		{07BBF6FF-657F-4838-8A25-C38FFA774D33}.Release|Any CPU.ActiveCfg = Release|Any CPU
		{07BBF6FF-657F-4838-8A25-C38FFA774D33}.Release|Any CPU.Build.0 = Release|Any CPU
		{10AAA89E-612C-4BA3-A3C7-A2E3F0E7B268}.Debug|Any CPU.ActiveCfg = Debug|Any CPU
		{10AAA89E-612C-4BA3-A3C7-A2E3F0E7B268}.Debug|Any CPU.Build.0 = Debug|Any CPU
		{10AAA89E-612C-4BA3-A3C7-A2E3F0E7B268}.Release|Any CPU.ActiveCfg = Release|Any CPU
		{10AAA89E-612C-4BA3-A3C7-A2E3F0E7B268}.Release|Any CPU.Build.0 = Release|Any CPU
	EndGlobalSection
	GlobalSection(SolutionProperties) = preSolution
		HideSolutionNode = FALSE
	EndGlobalSection
	GlobalSection(ExtensibilityGlobals) = postSolution
		SolutionGuid = {AD782A24-285E-448F-B748-187447ACE3AA}
	EndGlobalSection
EndGlobal
